// !$*UTF8*$!
{
	archiveVersion = 1;
	classes = {
	};
	objectVersion = 77;
	objects = {

/* Begin PBXBuildFile section */
		155C7FCB2F216D7500F30807 /* FirebaseMessaging in Frameworks */ = {isa = PBXBuildFile; productRef = 155C7FCA2F216D7500F30807 /* FirebaseMessaging */; };
		15D3BEA02F09DD1B009C14A4 /* FirebaseAuth in Frameworks */ = {isa = PBXBuildFile; productRef = 15D3BE9F2F09DD1B009C14A4 /* FirebaseAuth */; };
		15D3BEA22F09DD1B009C14A4 /* FirebaseAuthCombine-Community in Frameworks */ = {isa = PBXBuildFile; productRef = 15D3BEA12F09DD1B009C14A4 /* FirebaseAuthCombine-Community */; };
		15D3BEA42F09DD1B009C14A4 /* FirebaseFirestore in Frameworks */ = {isa = PBXBuildFile; productRef = 15D3BEA32F09DD1B009C14A4 /* FirebaseFirestore */; };
		15D3BEA62F09DD1B009C14A4 /* FirebaseFirestoreCombine-Community in Frameworks */ = {isa = PBXBuildFile; productRef = 15D3BEA52F09DD1B009C14A4 /* FirebaseFirestoreCombine-Community */; };
		15D3BEA82F09DD1B009C14A4 /* FirebaseFunctions in Frameworks */ = {isa = PBXBuildFile; productRef = 15D3BEA72F09DD1B009C14A4 /* FirebaseFunctions */; };
		15D3BEAA2F09DD1B009C14A4 /* FirebaseFunctionsCombine-Community in Frameworks */ = {isa = PBXBuildFile; productRef = 15D3BEA92F09DD1B009C14A4 /* FirebaseFunctionsCombine-Community */; };
		15D3BEAC2F09DD1B009C14A4 /* FirebaseStorage in Frameworks */ = {isa = PBXBuildFile; productRef = 15D3BEAB2F09DD1B009C14A4 /* FirebaseStorage */; };
		15D3BEAE2F09DD1B009C14A4 /* FirebaseStorageCombine-Community in Frameworks */ = {isa = PBXBuildFile; productRef = 15D3BEAD2F09DD1B009C14A4 /* FirebaseStorageCombine-Community */; };
		16A1BDB2EE86591006652EC /* GutachtenNumberWidgetBundle.swift in Sources */ = {isa = PBXBuildFile; fileRef = 16A1BND2EE86591006652EC /* GutachtenNumberWidgetBundle.swift */; };
		16A1BDL2EE86591006652EC /* GutachtenNumberWidget.swift in Sources */ = {isa = PBXBuildFile; fileRef = 16A1FRM2EE86591006652EC /* GutachtenNumberWidget.swift */; };
		16A1EMB2EE86591006652EC /* GutachtenNumberWidgetExtension.appex in Embed Foundation Extensions */ = {isa = PBXBuildFile; fileRef = 16A1APP2EE86591006652EC /* GutachtenNumberWidgetExtension.appex */; settings = {ATTRIBUTES = (RemoveHeadersOnCopy, ); }; };
		16A1SWM2EE86591006652EC /* ScannerWidgetSnapshot.swift in Sources */ = {isa = PBXBuildFile; fileRef = 16A1SNP2EE86591006652EC /* ScannerWidgetSnapshot.swift */; };
		16A1SWW2EE86591006652EC /* ScannerWidgetSnapshot.swift in Sources */ = {isa = PBXBuildFile; fileRef = 16A1SNP2EE86591006652EC /* ScannerWidgetSnapshot.swift */; };
		16WKAST2EE86591006652EC /* Assets.xcassets in Resources */ = {isa = PBXBuildFile; fileRef = 16WKASC2EE86591006652EC /* Assets.xcassets */; };
		16WKBA12EE86591006652EC /* SVSWatchApp.swift in Sources */ = {isa = PBXBuildFile; fileRef = 16WKSWA2EE86591006652EC /* SVSWatchApp.swift */; };
		16WKBA22EE86591006652EC /* WatchExtensionDelegate.swift in Sources */ = {isa = PBXBuildFile; fileRef = 16WKWED2EE86591006652EC /* WatchExtensionDelegate.swift */; };
		16WKEMB2EE86591006652EC /* GutachtenNumberWidgetExtension.appex in Embed App Extensions */ = {isa = PBXBuildFile; fileRef = 16A1APP2EE86591006652EC /* GutachtenNumberWidgetExtension.appex */; settings = {ATTRIBUTES = (RemoveHeadersOnCopy, ); }; };
		16WKSWS2EE86591006652EC /* ScannerWidgetSnapshot.swift in Sources */ = {isa = PBXBuildFile; fileRef = 16A1SNP2EE86591006652EC /* ScannerWidgetSnapshot.swift */; };
		16WKTEM2EE86591006652EC /* SVS Watch App.app in Embed Watch Content */ = {isa = PBXBuildFile; fileRef = 16WKAPP2EE86591006652EC /* SVS Watch App.app */; settings = {ATTRIBUTES = (RemoveHeadersOnCopy, ); }; };
/* End PBXBuildFile section */

/* Begin PBXContainerItemProxy section */
		16A1PRX2EE86591006652EC /* PBXContainerItemProxy */ = {
			isa = PBXContainerItemProxy;
			containerPortal = 15FBE8012EE86591006652EC /* Project object */;
			proxyType = 1;
			remoteGlobalIDString = 16A1EXT2EE86591006652EC;
			remoteInfo = GutachtenNumberWidgetExtension;
		};
		16WKPRX2EE86591006652EC /* PBXContainerItemProxy */ = {
			isa = PBXContainerItemProxy;
			containerPortal = 15FBE8012EE86591006652EC /* Project object */;
			proxyType = 1;
			remoteGlobalIDString = 16WKTGT2EE86591006652EC;
			remoteInfo = "SVS Watch App";
		};
		16WKPRX3EE86591006652EC /* PBXContainerItemProxy */ = {
			isa = PBXContainerItemProxy;
			containerPortal = 15FBE8012EE86591006652EC /* Project object */;
			proxyType = 1;
			remoteGlobalIDString = 16A1EXT2EE86591006652EC;
			remoteInfo = GutachtenNumberWidgetExtension;
		};
/* End PBXContainerItemProxy section */

/* Begin PBXCopyFilesBuildPhase section */
		16A1CPY2EE86591006652EC /* Embed Foundation Extensions */ = {
			isa = PBXCopyFilesBuildPhase;
			buildActionMask = 2147483647;
			dstPath = "";
			dstSubfolderSpec = 13;
			files = (
				16A1EMB2EE86591006652EC /* GutachtenNumberWidgetExtension.appex in Embed Foundation Extensions */,
			);
			name = "Embed Foundation Extensions";
			runOnlyForDeploymentPostprocessing = 0;
		};
		16WKCPY2EE86591006652EC /* Embed App Extensions */ = {
			isa = PBXCopyFilesBuildPhase;
			buildActionMask = 2147483647;
			dstPath = "";
			dstSubfolderSpec = 13;
			files = (
				16WKEMB2EE86591006652EC /* GutachtenNumberWidgetExtension.appex in Embed App Extensions */,
			);
			name = "Embed App Extensions";
			runOnlyForDeploymentPostprocessing = 0;
		};
		16WKWCP2EE86591006652EC /* Embed Watch Content */ = {
			isa = PBXCopyFilesBuildPhase;
			buildActionMask = 2147483647;
			dstPath = "$(CONTENTS_FOLDER_PATH)/Watch";
			dstSubfolderSpec = 16;
			files = (
				16WKTEM2EE86591006652EC /* SVS Watch App.app in Embed Watch Content */,
			);
			name = "Embed Watch Content";
			runOnlyForDeploymentPostprocessing = 0;
		};
/* End PBXCopyFilesBuildPhase section */

/* Begin PBXFileReference section */
		15FBE8092EE86591006652EC /* SVS App.app */ = {isa = PBXFileReference; explicitFileType = wrapper.application; includeInIndex = 0; path = "SVS App.app"; sourceTree = BUILT_PRODUCTS_DIR; };
		16A1APP2EE86591006652EC /* GutachtenNumberWidgetExtension.appex */ = {isa = PBXFileReference; explicitFileType = "wrapper.app-extension"; includeInIndex = 0; path = GutachtenNumberWidgetExtension.appex; sourceTree = BUILT_PRODUCTS_DIR; };
		16A1BND2EE86591006652EC /* GutachtenNumberWidgetBundle.swift */ = {isa = PBXFileReference; lastKnownFileType = sourcecode.swift; path = GutachtenNumberWidgetBundle.swift; sourceTree = "<group>"; };
		16A1ENT2EE86591006652EC /* GutachtenNumberWidget.entitlements */ = {isa = PBXFileReference; lastKnownFileType = text.plist.entitlements; path = GutachtenNumberWidget.entitlements; sourceTree = "<group>"; };
		16A1FRM2EE86591006652EC /* GutachtenNumberWidget.swift */ = {isa = PBXFileReference; lastKnownFileType = sourcecode.swift; path = GutachtenNumberWidget.swift; sourceTree = "<group>"; };
		16A1INF2EE86591006652EC /* Info.plist */ = {isa = PBXFileReference; lastKnownFileType = text.plist.xml; path = Info.plist; sourceTree = "<group>"; };
		16A1SNP2EE86591006652EC /* ScannerWidgetSnapshot.swift */ = {isa = PBXFileReference; lastKnownFileType = sourcecode.swift; path = ScannerWidgetSnapshot.swift; sourceTree = "<group>"; };
		16WKAPP2EE86591006652EC /* SVS Watch App.app */ = {isa = PBXFileReference; explicitFileType = wrapper.application; includeInIndex = 0; path = "SVS Watch App.app"; sourceTree = BUILT_PRODUCTS_DIR; };
		16WKASC2EE86591006652EC /* Assets.xcassets */ = {isa = PBXFileReference; lastKnownFileType = folder.assetcatalog; path = Assets.xcassets; sourceTree = "<group>"; };
		16WKENT2EE86591006652EC /* SVS Watch App.entitlements */ = {isa = PBXFileReference; lastKnownFileType = text.plist.entitlements; path = "SVS Watch App.entitlements"; sourceTree = "<group>"; };
		16WKSWA2EE86591006652EC /* SVSWatchApp.swift */ = {isa = PBXFileReference; lastKnownFileType = sourcecode.swift; path = SVSWatchApp.swift; sourceTree = "<group>"; };
		16WKWED2EE86591006652EC /* WatchExtensionDelegate.swift */ = {isa = PBXFileReference; lastKnownFileType = sourcecode.swift; path = WatchExtensionDelegate.swift; sourceTree = "<group>"; };
/* End PBXFileReference section */

/* Begin PBXFileSystemSynchronizedRootGroup section */
		15FBE80B2EE86591006652EC /* SVS App */ = {
			isa = PBXFileSystemSynchronizedRootGroup;
			path = "SVS App";
			sourceTree = "<group>";
		};
/* End PBXFileSystemSynchronizedRootGroup section */

/* Begin PBXFrameworksBuildPhase section */
		15FBE8062EE86591006652EC /* Frameworks */ = {
			isa = PBXFrameworksBuildPhase;
			buildActionMask = 2147483647;
			files = (
				155C7FCB2F216D7500F30807 /* FirebaseMessaging in Frameworks */,
				15D3BEA02F09DD1B009C14A4 /* FirebaseAuth in Frameworks */,
				15D3BEA62F09DD1B009C14A4 /* FirebaseFirestoreCombine-Community in Frameworks */,
				15D3BEAE2F09DD1B009C14A4 /* FirebaseStorageCombine-Community in Frameworks */,
				15D3BEA82F09DD1B009C14A4 /* FirebaseFunctions in Frameworks */,
				15D3BEA22F09DD1B009C14A4 /* FirebaseAuthCombine-Community in Frameworks */,
				15D3BEAC2F09DD1B009C14A4 /* FirebaseStorage in Frameworks */,
				15D3BEA42F09DD1B009C14A4 /* FirebaseFirestore in Frameworks */,
				15D3BEAA2F09DD1B009C14A4 /* FirebaseFunctionsCombine-Community in Frameworks */,
			);
			runOnlyForDeploymentPostprocessing = 0;
		};
		16A1FRW2EE86591006652EC /* Frameworks */ = {
			isa = PBXFrameworksBuildPhase;
			buildActionMask = 2147483647;
			files = (
			);
			runOnlyForDeploymentPostprocessing = 0;
		};
		16WKFRW2EE86591006652EC /* Frameworks */ = {
			isa = PBXFrameworksBuildPhase;
			buildActionMask = 2147483647;
			files = (
			);
			runOnlyForDeploymentPostprocessing = 0;
		};
/* End PBXFrameworksBuildPhase section */

/* Begin PBXGroup section */
		155C7FC92F216D7500F30807 /* Frameworks */ = {
			isa = PBXGroup;
			children = (
			);
			name = Frameworks;
			sourceTree = "<group>";
		};
		15FBE8002EE86591006652EC = {
			isa = PBXGroup;
			children = (
				15FBE80B2EE86591006652EC /* SVS App */,
				16A1GRP2EE86591006652EC /* Shared */,
				16A1WGT2EE86591006652EC /* GutachtenNumberWidget */,
				16WKGRP2EE86591006652EC /* SVS Watch App */,
				155C7FC92F216D7500F30807 /* Frameworks */,
				15FBE80A2EE86591006652EC /* Products */,
			);
			sourceTree = "<group>";
		};
		15FBE80A2EE86591006652EC /* Products */ = {
			isa = PBXGroup;
			children = (
				15FBE8092EE86591006652EC /* SVS App.app */,
				16A1APP2EE86591006652EC /* GutachtenNumberWidgetExtension.appex */,
				16WKAPP2EE86591006652EC /* SVS Watch App.app */,
			);
			name = Products;
			sourceTree = "<group>";
		};
		16A1GRP2EE86591006652EC /* Shared */ = {
			isa = PBXGroup;
			children = (
				16A1SNP2EE86591006652EC /* ScannerWidgetSnapshot.swift */,
			);
			path = Shared;
			sourceTree = "<group>";
		};
		16A1WGT2EE86591006652EC /* GutachtenNumberWidget */ = {
			isa = PBXGroup;
			children = (
				16A1FRM2EE86591006652EC /* GutachtenNumberWidget.swift */,
				16A1BND2EE86591006652EC /* GutachtenNumberWidgetBundle.swift */,
				16A1INF2EE86591006652EC /* Info.plist */,
				16A1ENT2EE86591006652EC /* GutachtenNumberWidget.entitlements */,
			);
			path = GutachtenNumberWidget;
			sourceTree = "<group>";
		};
		16WKGRP2EE86591006652EC /* SVS Watch App */ = {
			isa = PBXGroup;
			children = (
				16WKSWA2EE86591006652EC /* SVSWatchApp.swift */,
				16WKWED2EE86591006652EC /* WatchExtensionDelegate.swift */,
				16WKASC2EE86591006652EC /* Assets.xcassets */,
				16WKENT2EE86591006652EC /* SVS Watch App.entitlements */,
			);
			path = "SVS Watch App";
			sourceTree = "<group>";
		};
/* End PBXGroup section */

/* Begin PBXNativeTarget section */
		15FBE8082EE86591006652EC /* SVS App */ = {
			isa = PBXNativeTarget;
			buildConfigurationList = 15FBE8192EE86593006652EC /* Build configuration list for PBXNativeTarget "SVS App" */;
			buildPhases = (
				15FBE8052EE86591006652EC /* Sources */,
				15FBE8062EE86591006652EC /* Frameworks */,
				15FBE8072EE86591006652EC /* Resources */,
				16A1CPY2EE86591006652EC /* Embed Foundation Extensions */,
				16WKWCP2EE86591006652EC /* Embed Watch Content */,
			);
			buildRules = (
			);
			dependencies = (
				16A1DEP2EE86591006652EC /* PBXTargetDependency */,
				16WKDEP2EE86591006652EC /* PBXTargetDependency */,
			);
			fileSystemSynchronizedGroups = (
				15FBE80B2EE86591006652EC /* SVS App */,
			);
			name = "SVS App";
			packageProductDependencies = (
				15D3BE9F2F09DD1B009C14A4 /* FirebaseAuth */,
				15D3BEA12F09DD1B009C14A4 /* FirebaseAuthCombine-Community */,
				15D3BEA32F09DD1B009C14A4 /* FirebaseFirestore */,
				15D3BEA52F09DD1B009C14A4 /* FirebaseFirestoreCombine-Community */,
				15D3BEA72F09DD1B009C14A4 /* FirebaseFunctions */,
				15D3BEA92F09DD1B009C14A4 /* FirebaseFunctionsCombine-Community */,
				15D3BEAB2F09DD1B009C14A4 /* FirebaseStorage */,
				15D3BEAD2F09DD1B009C14A4 /* FirebaseStorageCombine-Community */,
				155C7FCA2F216D7500F30807 /* FirebaseMessaging */,
			);
			productName = "SVS App";
			productReference = 15FBE8092EE86591006652EC /* SVS App.app */;
			productType = "com.apple.product-type.application";
		};
		16A1EXT2EE86591006652EC /* GutachtenNumberWidgetExtension */ = {
			isa = PBXNativeTarget;
			buildConfigurationList = 16A1BCL2EE86591006652EC /* Build configuration list for PBXNativeTarget "GutachtenNumberWidgetExtension" */;
			buildPhases = (
				16A1SRC2EE86591006652EC /* Sources */,
				16A1FRW2EE86591006652EC /* Frameworks */,
				16A1RSC2EE86591006652EC /* Resources */,
			);
			buildRules = (
			);
			dependencies = (
			);
			name = GutachtenNumberWidgetExtension;
			productName = GutachtenNumberWidgetExtension;
			productReference = 16A1APP2EE86591006652EC /* GutachtenNumberWidgetExtension.appex */;
			productType = "com.apple.product-type.app-extension";
		};
		16WKTGT2EE86591006652EC /* SVS Watch App */ = {
			isa = PBXNativeTarget;
			buildConfigurationList = 16WKBCL2EE86591006652EC /* Build configuration list for PBXNativeTarget "SVS Watch App" */;
			buildPhases = (
				16WKSRC2EE86591006652EC /* Sources */,
				16WKFRW2EE86591006652EC /* Frameworks */,
				16WKRES2EE86591006652EC /* Resources */,
				16WKCPY2EE86591006652EC /* Embed App Extensions */,
			);
			buildRules = (
			);
			dependencies = (
				16WKDEP3EE86591006652EC /* PBXTargetDependency */,
			);
			name = "SVS Watch App";
			productName = "SVS Watch App";
			productReference = 16WKAPP2EE86591006652EC /* SVS Watch App.app */;
			productType = "com.apple.product-type.application";
		};
/* End PBXNativeTarget section */

/* Begin PBXProject section */
		15FBE8012EE86591006652EC /* Project object */ = {
			isa = PBXProject;
			attributes = {
				BuildIndependentTargetsInParallel = 1;
				LastSwiftUpdateCheck = 2610;
				LastUpgradeCheck = 2620;
				TargetAttributes = {
					15FBE8082EE86591006652EC = {
						CreatedOnToolsVersion = 26.1.1;
					};
					16A1EXT2EE86591006652EC = {
						CreatedOnToolsVersion = 26.1.1;
					};
					16WKTGT2EE86591006652EC = {
						CreatedOnToolsVersion = 26.1.1;
					};
				};
			};
			buildConfigurationList = 15FBE8042EE86591006652EC /* Build configuration list for PBXProject "SVS App" */;
			developmentRegion = en;
			hasScannedForEncodings = 0;
			knownRegions = (
				en,
				Base,
			);
			mainGroup = 15FBE8002EE86591006652EC;
			minimizedProjectReferenceProxies = 1;
			packageReferences = (
				15D3BE9E2F09DD1B009C14A4 /* XCRemoteSwiftPackageReference "firebase-ios-sdk" */,
			);
			preferredProjectObjectVersion = 77;
			productRefGroup = 15FBE80A2EE86591006652EC /* Products */;
			projectDirPath = "";
			projectRoot = "";
			targets = (
				15FBE8082EE86591006652EC /* SVS App */,
				16A1EXT2EE86591006652EC /* GutachtenNumberWidgetExtension */,
				16WKTGT2EE86591006652EC /* SVS Watch App */,
			);
		};
/* End PBXProject section */

/* Begin PBXResourcesBuildPhase section */
		15FBE8072EE86591006652EC /* Resources */ = {
			isa = PBXResourcesBuildPhase;
			buildActionMask = 2147483647;
			files = (
			);
			runOnlyForDeploymentPostprocessing = 0;
		};
		16A1RSC2EE86591006652EC /* Resources */ = {
			isa = PBXResourcesBuildPhase;
			buildActionMask = 2147483647;
			files = (
			);
			runOnlyForDeploymentPostprocessing = 0;
		};
		16WKRES2EE86591006652EC /* Resources */ = {
			isa = PBXResourcesBuildPhase;
			buildActionMask = 2147483647;
			files = (
				16WKAST2EE86591006652EC /* Assets.xcassets in Resources */,
			);
			runOnlyForDeploymentPostprocessing = 0;
		};
/* End PBXResourcesBuildPhase section */

/* Begin PBXSourcesBuildPhase section */
		15FBE8052EE86591006652EC /* Sources */ = {
			isa = PBXSourcesBuildPhase;
			buildActionMask = 2147483647;
			files = (
				16A1SWM2EE86591006652EC /* ScannerWidgetSnapshot.swift in Sources */,
			);
			runOnlyForDeploymentPostprocessing = 0;
		};
		16A1SRC2EE86591006652EC /* Sources */ = {
			isa = PBXSourcesBuildPhase;
			buildActionMask = 2147483647;
			files = (
				16A1BDL2EE86591006652EC /* GutachtenNumberWidget.swift in Sources */,
				16A1BDB2EE86591006652EC /* GutachtenNumberWidgetBundle.swift in Sources */,
				16A1SWW2EE86591006652EC /* ScannerWidgetSnapshot.swift in Sources */,
			);
			runOnlyForDeploymentPostprocessing = 0;
		};
		16WKSRC2EE86591006652EC /* Sources */ = {
			isa = PBXSourcesBuildPhase;
			buildActionMask = 2147483647;
			files = (
				16WKBA12EE86591006652EC /* SVSWatchApp.swift in Sources */,
				16WKBA22EE86591006652EC /* WatchExtensionDelegate.swift in Sources */,
				16WKSWS2EE86591006652EC /* ScannerWidgetSnapshot.swift in Sources */,
			);
			runOnlyForDeploymentPostprocessing = 0;
		};
/* End PBXSourcesBuildPhase section */

/* Begin PBXTargetDependency section */
		16A1DEP2EE86591006652EC /* PBXTargetDependency */ = {
			isa = PBXTargetDependency;
			target = 16A1EXT2EE86591006652EC /* GutachtenNumberWidgetExtension */;
			targetProxy = 16A1PRX2EE86591006652EC /* PBXContainerItemProxy */;
		};
		16WKDEP2EE86591006652EC /* PBXTargetDependency */ = {
			isa = PBXTargetDependency;
			target = 16WKTGT2EE86591006652EC /* SVS Watch App */;
			targetProxy = 16WKPRX2EE86591006652EC /* PBXContainerItemProxy */;
		};
		16WKDEP3EE86591006652EC /* PBXTargetDependency */ = {
			isa = PBXTargetDependency;
			target = 16A1EXT2EE86591006652EC /* GutachtenNumberWidgetExtension */;
			targetProxy = 16WKPRX3EE86591006652EC /* PBXContainerItemProxy */;
		};
/* End PBXTargetDependency section */

/* Begin XCBuildConfiguration section */
		15FBE8172EE86593006652EC /* Debug */ = {
			isa = XCBuildConfiguration;
			buildSettings = {
				ALWAYS_SEARCH_USER_PATHS = NO;
				ASSETCATALOG_COMPILER_GENERATE_SWIFT_ASSET_SYMBOL_EXTENSIONS = YES;
				CLANG_ANALYZER_NONNULL = YES;
				CLANG_ANALYZER_NUMBER_OBJECT_CONVERSION = YES_AGGRESSIVE;
				CLANG_CXX_LANGUAGE_STANDARD = "gnu++20";
				CLANG_ENABLE_MODULES = YES;
				CLANG_ENABLE_OBJC_ARC = YES;
				CLANG_ENABLE_OBJC_WEAK = YES;
				CLANG_WARN_BLOCK_CAPTURE_AUTORELEASING = YES;
				CLANG_WARN_BOOL_CONVERSION = YES;
				CLANG_WARN_COMMA = YES;
				CLANG_WARN_CONSTANT_CONVERSION = YES;
				CLANG_WARN_DEPRECATED_OBJC_IMPLEMENTATIONS = YES;
				CLANG_WARN_DIRECT_OBJC_ISA_USAGE = YES_ERROR;
				CLANG_WARN_DOCUMENTATION_COMMENTS = YES;
				CLANG_WARN_EMPTY_BODY = YES;
				CLANG_WARN_ENUM_CONVERSION = YES;
				CLANG_WARN_INFINITE_RECURSION = YES;
				CLANG_WARN_INT_CONVERSION = YES;
				CLANG_WARN_NON_LITERAL_NULL_CONVERSION = YES;
				CLANG_WARN_OBJC_IMPLICIT_RETAIN_SELF = YES;
				CLANG_WARN_OBJC_LITERAL_CONVERSION = YES;
				CLANG_WARN_OBJC_ROOT_CLASS = YES_ERROR;
				CLANG_WARN_QUOTED_INCLUDE_IN_FRAMEWORK_HEADER = YES;
				CLANG_WARN_RANGE_LOOP_ANALYSIS = YES;
				CLANG_WARN_STRICT_PROTOTYPES = YES;
				CLANG_WARN_SUSPICIOUS_MOVE = YES;
				CLANG_WARN_UNGUARDED_AVAILABILITY = YES_AGGRESSIVE;
				CLANG_WARN_UNREACHABLE_CODE = YES;
				CLANG_WARN__DUPLICATE_METHOD_MATCH = YES;
				COPY_PHASE_STRIP = NO;
				DEBUG_INFORMATION_FORMAT = dwarf;
				DEVELOPMENT_TEAM = MG6BB56CA6;
				ENABLE_STRICT_OBJC_MSGSEND = YES;
				ENABLE_TESTABILITY = YES;
				ENABLE_USER_SCRIPT_SANDBOXING = YES;
				GCC_C_LANGUAGE_STANDARD = gnu17;
				GCC_DYNAMIC_NO_PIC = NO;
				GCC_NO_COMMON_BLOCKS = YES;
				GCC_OPTIMIZATION_LEVEL = 0;
				GCC_PREPROCESSOR_DEFINITIONS = (
					"DEBUG=1",
					"$(inherited)",
				);
				GCC_WARN_64_TO_32_BIT_CONVERSION = YES;
				GCC_WARN_ABOUT_RETURN_TYPE = YES_ERROR;
				GCC_WARN_UNDECLARED_SELECTOR = YES;
				GCC_WARN_UNINITIALIZED_AUTOS = YES_AGGRESSIVE;
				GCC_WARN_UNUSED_FUNCTION = YES;
				GCC_WARN_UNUSED_VARIABLE = YES;
				IPHONEOS_DEPLOYMENT_TARGET = 26.1;
				LOCALIZATION_PREFERS_STRING_CATALOGS = YES;
				MTL_ENABLE_DEBUG_INFO = INCLUDE_SOURCE;
				MTL_FAST_MATH = YES;
				ONLY_ACTIVE_ARCH = YES;
				SDKROOT = iphoneos;
				STRING_CATALOG_GENERATE_SYMBOLS = YES;
				SWIFT_ACTIVE_COMPILATION_CONDITIONS = "DEBUG $(inherited)";
				SWIFT_OPTIMIZATION_LEVEL = "-Onone";
			};
			name = Debug;
		};
		15FBE8182EE86593006652EC /* Release */ = {
			isa = XCBuildConfiguration;
			buildSettings = {
				ALWAYS_SEARCH_USER_PATHS = NO;
				ASSETCATALOG_COMPILER_GENERATE_SWIFT_ASSET_SYMBOL_EXTENSIONS = YES;
				CLANG_ANALYZER_NONNULL = YES;
				CLANG_ANALYZER_NUMBER_OBJECT_CONVERSION = YES_AGGRESSIVE;
				CLANG_CXX_LANGUAGE_STANDARD = "gnu++20";
				CLANG_ENABLE_MODULES = YES;
				CLANG_ENABLE_OBJC_ARC = YES;
				CLANG_ENABLE_OBJC_WEAK = YES;
				CLANG_WARN_BLOCK_CAPTURE_AUTORELEASING = YES;
				CLANG_WARN_BOOL_CONVERSION = YES;
				CLANG_WARN_COMMA = YES;
				CLANG_WARN_CONSTANT_CONVERSION = YES;
				CLANG_WARN_DEPRECATED_OBJC_IMPLEMENTATIONS = YES;
				CLANG_WARN_DIRECT_OBJC_ISA_USAGE = YES_ERROR;
				CLANG_WARN_DOCUMENTATION_COMMENTS = YES;
				CLANG_WARN_EMPTY_BODY = YES;
				CLANG_WARN_ENUM_CONVERSION = YES;
				CLANG_WARN_INFINITE_RECURSION = YES;
				CLANG_WARN_INT_CONVERSION = YES;
				CLANG_WARN_NON_LITERAL_NULL_CONVERSION = YES;
				CLANG_WARN_OBJC_IMPLICIT_RETAIN_SELF = YES;
				CLANG_WARN_OBJC_LITERAL_CONVERSION = YES;
				CLANG_WARN_OBJC_ROOT_CLASS = YES_ERROR;
				CLANG_WARN_QUOTED_INCLUDE_IN_FRAMEWORK_HEADER = YES;
				CLANG_WARN_RANGE_LOOP_ANALYSIS = YES;
				CLANG_WARN_STRICT_PROTOTYPES = YES;
				CLANG_WARN_SUSPICIOUS_MOVE = YES;
				CLANG_WARN_UNGUARDED_AVAILABILITY = YES_AGGRESSIVE;
				CLANG_WARN_UNREACHABLE_CODE = YES;
				CLANG_WARN__DUPLICATE_METHOD_MATCH = YES;
				COPY_PHASE_STRIP = NO;
				DEBUG_INFORMATION_FORMAT = "dwarf-with-dsym";
				DEVELOPMENT_TEAM = MG6BB56CA6;
				ENABLE_NS_ASSERTIONS = NO;
				ENABLE_STRICT_OBJC_MSGSEND = YES;
				ENABLE_USER_SCRIPT_SANDBOXING = YES;
				GCC_C_LANGUAGE_STANDARD = gnu17;
				GCC_NO_COMMON_BLOCKS = YES;
				GCC_WARN_64_TO_32_BIT_CONVERSION = YES;
				GCC_WARN_ABOUT_RETURN_TYPE = YES_ERROR;
				GCC_WARN_UNDECLARED_SELECTOR = YES;
				GCC_WARN_UNINITIALIZED_AUTOS = YES_AGGRESSIVE;
				GCC_WARN_UNUSED_FUNCTION = YES;
				GCC_WARN_UNUSED_VARIABLE = YES;
				IPHONEOS_DEPLOYMENT_TARGET = 26.1;
				LOCALIZATION_PREFERS_STRING_CATALOGS = YES;
				MTL_ENABLE_DEBUG_INFO = NO;
				MTL_FAST_MATH = YES;
				SDKROOT = iphoneos;
				STRING_CATALOG_GENERATE_SYMBOLS = YES;
				SWIFT_COMPILATION_MODE = wholemodule;
				VALIDATE_PRODUCT = YES;
			};
			name = Release;
		};
		15FBE81A2EE86593006652EC /* Debug */ = {
			isa = XCBuildConfiguration;
			buildSettings = {
				ASSETCATALOG_COMPILER_APPICON_NAME = AppIcon;
				ASSETCATALOG_COMPILER_GLOBAL_ACCENT_COLOR_NAME = AccentColor;
				CODE_SIGN_ENTITLEMENTS = "SVS App/SVS App.entitlements";
				CODE_SIGN_IDENTITY = "Apple Development";
				CODE_SIGN_STYLE = Automatic;
				CURRENT_PROJECT_VERSION = 17;
				DEVELOPMENT_TEAM = MG6BB56CA6;
				ENABLE_PREVIEWS = YES;
				GENERATE_INFOPLIST_FILE = YES;
				INFOPLIST_FILE = "SVS-App-Info.plist";
				INFOPLIST_KEY_CFBundleDisplayName = "SVS Office";
				INFOPLIST_KEY_NSCameraUsageDescription = "Die Kamera wird benötigt, um Dokumente zu scannen.";
				INFOPLIST_KEY_UIApplicationSceneManifest_Generation = YES;
				INFOPLIST_KEY_UIApplicationSupportsIndirectInputEvents = YES;
				INFOPLIST_KEY_UILaunchScreen_Generation = YES;
				INFOPLIST_KEY_UISupportedInterfaceOrientations_iPad = "UIInterfaceOrientationPortrait UIInterfaceOrientationPortraitUpsideDown UIInterfaceOrientationLandscapeLeft UIInterfaceOrientationLandscapeRight";
				INFOPLIST_KEY_UISupportedInterfaceOrientations_iPhone = "UIInterfaceOrientationPortrait UIInterfaceOrientationLandscapeLeft UIInterfaceOrientationLandscapeRight";
				LD_RUNPATH_SEARCH_PATHS = (
					"$(inherited)",
					"@executable_path/Frameworks",
				);
				MARKETING_VERSION = 1.8.0;
				PRODUCT_BUNDLE_IDENTIFIER = "de.svs.SVS-App";
				PRODUCT_NAME = "$(TARGET_NAME)";
				PROVISIONING_PROFILE_SPECIFIER = "";
				STRING_CATALOG_GENERATE_SYMBOLS = YES;
				SWIFT_APPROACHABLE_CONCURRENCY = YES;
				SWIFT_DEFAULT_ACTOR_ISOLATION = MainActor;
				SWIFT_EMIT_LOC_STRINGS = YES;
				SWIFT_UPCOMING_FEATURE_MEMBER_IMPORT_VISIBILITY = YES;
				SWIFT_VERSION = 5.0;
				TARGETED_DEVICE_FAMILY = "1,2";
			};
			name = Debug;
		};
		15FBE81B2EE86593006652EC /* Release */ = {
			isa = XCBuildConfiguration;
			buildSettings = {
				ASSETCATALOG_COMPILER_APPICON_NAME = AppIcon;
				ASSETCATALOG_COMPILER_GLOBAL_ACCENT_COLOR_NAME = AccentColor;
				CODE_SIGN_ENTITLEMENTS = "SVS App/SVS App.entitlements";
				CODE_SIGN_IDENTITY = "Apple Development";
				CODE_SIGN_STYLE = Automatic;
				CURRENT_PROJECT_VERSION = 17;
				DEVELOPMENT_TEAM = MG6BB56CA6;
				ENABLE_PREVIEWS = YES;
				GENERATE_INFOPLIST_FILE = YES;
				INFOPLIST_FILE = "SVS-App-Info.plist";
				INFOPLIST_KEY_CFBundleDisplayName = "SVS Office";
				INFOPLIST_KEY_NSCameraUsageDescription = "Die Kamera wird benötigt, um Dokumente zu scannen.";
				INFOPLIST_KEY_UIApplicationSceneManifest_Generation = YES;
				INFOPLIST_KEY_UIApplicationSupportsIndirectInputEvents = YES;
				INFOPLIST_KEY_UILaunchScreen_Generation = YES;
				INFOPLIST_KEY_UISupportedInterfaceOrientations_iPad = "UIInterfaceOrientationPortrait UIInterfaceOrientationPortraitUpsideDown UIInterfaceOrientationLandscapeLeft UIInterfaceOrientationLandscapeRight";
				INFOPLIST_KEY_UISupportedInterfaceOrientations_iPhone = "UIInterfaceOrientationPortrait UIInterfaceOrientationLandscapeLeft UIInterfaceOrientationLandscapeRight";
				LD_RUNPATH_SEARCH_PATHS = (
					"$(inherited)",
					"@executable_path/Frameworks",
				);
				MARKETING_VERSION = 1.8.0;
				PRODUCT_BUNDLE_IDENTIFIER = "de.svs.SVS-App";
				PRODUCT_NAME = "$(TARGET_NAME)";
				PROVISIONING_PROFILE_SPECIFIER = "";
				STRING_CATALOG_GENERATE_SYMBOLS = YES;
				SWIFT_APPROACHABLE_CONCURRENCY = YES;
				SWIFT_DEFAULT_ACTOR_ISOLATION = MainActor;
				SWIFT_EMIT_LOC_STRINGS = YES;
				SWIFT_UPCOMING_FEATURE_MEMBER_IMPORT_VISIBILITY = YES;
				SWIFT_VERSION = 5.0;
				TARGETED_DEVICE_FAMILY = "1,2";
			};
			name = Release;
		};
		16A1DBG2EE86591006652EC /* Debug */ = {
			isa = XCBuildConfiguration;
			buildSettings = {
				CODE_SIGN_ENTITLEMENTS = GutachtenNumberWidget/GutachtenNumberWidget.entitlements;
				CODE_SIGN_STYLE = Automatic;
				CURRENT_PROJECT_VERSION = 17;
				DEVELOPMENT_TEAM = MG6BB56CA6;
				GENERATE_INFOPLIST_FILE = YES;
				INFOPLIST_FILE = GutachtenNumberWidget/Info.plist;
				INFOPLIST_KEY_NSHumanReadableCopyright = "";
				LD_RUNPATH_SEARCH_PATHS = (
					"$(inherited)",
					"@executable_path/Frameworks",
					"@executable_path/../../Frameworks",
					"@executable_path/../../../../Frameworks",
				);
				MARKETING_VERSION = 1.8.0;
				PRODUCT_BUNDLE_IDENTIFIER = "de.svs.SVS-App.GutachtenNumberWidget";
				"PRODUCT_BUNDLE_IDENTIFIER[sdk=watchos*]" = "de.svs.SVS-App.watchkitapp.GutachtenNumberWidget";
				"PRODUCT_BUNDLE_IDENTIFIER[sdk=watchsimulator*]" = "de.svs.SVS-App.watchkitapp.GutachtenNumberWidget";
				PRODUCT_NAME = "$(TARGET_NAME)";
				SDKROOT = auto;
				SKIP_INSTALL = YES;
				SUPPORTED_PLATFORMS = "iphoneos iphonesimulator watchos watchsimulator";
				SWIFT_EMIT_LOC_STRINGS = YES;
				SWIFT_VERSION = 5.0;
				TARGETED_DEVICE_FAMILY = "1,2,4";
				WATCHOS_DEPLOYMENT_TARGET = 10.0;
			};
			name = Debug;
		};
		16A1RLS2EE86591006652EC /* Release */ = {
			isa = XCBuildConfiguration;
			buildSettings = {
				CODE_SIGN_ENTITLEMENTS = GutachtenNumberWidget/GutachtenNumberWidget.entitlements;
				CODE_SIGN_STYLE = Automatic;
				CURRENT_PROJECT_VERSION = 17;
				DEVELOPMENT_TEAM = MG6BB56CA6;
				GENERATE_INFOPLIST_FILE = YES;
				INFOPLIST_FILE = GutachtenNumberWidget/Info.plist;
				INFOPLIST_KEY_NSHumanReadableCopyright = "";
				LD_RUNPATH_SEARCH_PATHS = (
					"$(inherited)",
					"@executable_path/Frameworks",
					"@executable_path/../../Frameworks",
					"@executable_path/../../../../Frameworks",
				);
				MARKETING_VERSION = 1.8.0;
				PRODUCT_BUNDLE_IDENTIFIER = "de.svs.SVS-App.GutachtenNumberWidget";
				"PRODUCT_BUNDLE_IDENTIFIER[sdk=watchos*]" = "de.svs.SVS-App.watchkitapp.GutachtenNumberWidget";
				"PRODUCT_BUNDLE_IDENTIFIER[sdk=watchsimulator*]" = "de.svs.SVS-App.watchkitapp.GutachtenNumberWidget";
				PRODUCT_NAME = "$(TARGET_NAME)";
				SDKROOT = auto;
				SKIP_INSTALL = YES;
				SUPPORTED_PLATFORMS = "iphoneos iphonesimulator watchos watchsimulator";
				SWIFT_EMIT_LOC_STRINGS = YES;
				SWIFT_VERSION = 5.0;
				TARGETED_DEVICE_FAMILY = "1,2,4";
				WATCHOS_DEPLOYMENT_TARGET = 10.0;
			};
			name = Release;
		};
		16WKDBG2EE86591006652EC /* Debug */ = {
			isa = XCBuildConfiguration;
			buildSettings = {
				ASSETCATALOG_COMPILER_APPICON_NAME = AppIcon;
				CODE_SIGN_ENTITLEMENTS = "SVS Watch App/SVS Watch App.entitlements";
				CODE_SIGN_STYLE = Automatic;
				CURRENT_PROJECT_VERSION = 17;
				DEVELOPMENT_TEAM = MG6BB56CA6;
				ENABLE_PREVIEWS = YES;
				GENERATE_INFOPLIST_FILE = YES;
				INFOPLIST_KEY_CFBundleDisplayName = "SVS Office";
				INFOPLIST_KEY_UISupportedInterfaceOrientations = "UIInterfaceOrientationPortrait UIInterfaceOrientationPortraitUpsideDown";
				INFOPLIST_KEY_WKCompanionAppBundleIdentifier = "de.svs.SVS-App";
				LD_RUNPATH_SEARCH_PATHS = (
					"$(inherited)",
					"@executable_path/Frameworks",
				);
				MARKETING_VERSION = 1.8.0;
				PRODUCT_BUNDLE_IDENTIFIER = "de.svs.SVS-App.watchkitapp";
				PRODUCT_NAME = "$(TARGET_NAME)";
				SDKROOT = watchos;
				SKIP_INSTALL = YES;
				SWIFT_EMIT_LOC_STRINGS = YES;
				SWIFT_VERSION = 5.0;
				TARGETED_DEVICE_FAMILY = 4;
				WATCHOS_DEPLOYMENT_TARGET = 10.0;
			};
			name = Debug;
		};
		16WKRLS2EE86591006652EC /* Release */ = {
			isa = XCBuildConfiguration;
			buildSettings = {
				ASSETCATALOG_COMPILER_APPICON_NAME = AppIcon;
				CODE_SIGN_ENTITLEMENTS = "SVS Watch App/SVS Watch App.entitlements";
				CODE_SIGN_STYLE = Automatic;
				CURRENT_PROJECT_VERSION = 17;
				DEVELOPMENT_TEAM = MG6BB56CA6;
				ENABLE_PREVIEWS = YES;
				GENERATE_INFOPLIST_FILE = YES;
				INFOPLIST_KEY_CFBundleDisplayName = "SVS Office";
				INFOPLIST_KEY_UISupportedInterfaceOrientations = "UIInterfaceOrientationPortrait UIInterfaceOrientationPortraitUpsideDown";
				INFOPLIST_KEY_WKCompanionAppBundleIdentifier = "de.svs.SVS-App";
				LD_RUNPATH_SEARCH_PATHS = (
					"$(inherited)",
					"@executable_path/Frameworks",
				);
				MARKETING_VERSION = 1.8.0;
				PRODUCT_BUNDLE_IDENTIFIER = "de.svs.SVS-App.watchkitapp";
				PRODUCT_NAME = "$(TARGET_NAME)";
				SDKROOT = watchos;
				SKIP_INSTALL = YES;
				SWIFT_EMIT_LOC_STRINGS = YES;
				SWIFT_VERSION = 5.0;
				TARGETED_DEVICE_FAMILY = 4;
				WATCHOS_DEPLOYMENT_TARGET = 10.0;
			};
			name = Release;
		};
/* End XCBuildConfiguration section */

/* Begin XCConfigurationList section */
		15FBE8042EE86591006652EC /* Build configuration list for PBXProject "SVS App" */ = {
			isa = XCConfigurationList;
			buildConfigurations = (
				15FBE8172EE86593006652EC /* Debug */,
				15FBE8182EE86593006652EC /* Release */,
			);
			defaultConfigurationIsVisible = 0;
			defaultConfigurationName = Release;
		};
		15FBE8192EE86593006652EC /* Build configuration list for PBXNativeTarget "SVS App" */ = {
			isa = XCConfigurationList;
			buildConfigurations = (
				15FBE81A2EE86593006652EC /* Debug */,
				15FBE81B2EE86593006652EC /* Release */,
			);
			defaultConfigurationIsVisible = 0;
			defaultConfigurationName = Release;
		};
		16A1BCL2EE86591006652EC /* Build configuration list for PBXNativeTarget "GutachtenNumberWidgetExtension" */ = {
			isa = XCConfigurationList;
			buildConfigurations = (
				16A1DBG2EE86591006652EC /* Debug */,
				16A1RLS2EE86591006652EC /* Release */,
			);
			defaultConfigurationIsVisible = 0;
			defaultConfigurationName = Release;
		};
		16WKBCL2EE86591006652EC /* Build configuration list for PBXNativeTarget "SVS Watch App" */ = {
			isa = XCConfigurationList;
			buildConfigurations = (
				16WKDBG2EE86591006652EC /* Debug */,
				16WKRLS2EE86591006652EC /* Release */,
			);
			defaultConfigurationIsVisible = 0;
			defaultConfigurationName = Release;
		};
/* End XCConfigurationList section */

/* Begin XCRemoteSwiftPackageReference section */
		15D3BE9E2F09DD1B009C14A4 /* XCRemoteSwiftPackageReference "firebase-ios-sdk" */ = {
			isa = XCRemoteSwiftPackageReference;
			repositoryURL = "https://github.com/firebase/firebase-ios-sdk";
			requirement = {
				kind = upToNextMajorVersion;
				minimumVersion = 12.7.0;
			};
		};
/* End XCRemoteSwiftPackageReference section */

/* Begin XCSwiftPackageProductDependency section */
		155C7FCA2F216D7500F30807 /* FirebaseMessaging */ = {
			isa = XCSwiftPackageProductDependency;
			package = 15D3BE9E2F09DD1B009C14A4 /* XCRemoteSwiftPackageReference "firebase-ios-sdk" */;
			productName = FirebaseMessaging;
		};
		15D3BE9F2F09DD1B009C14A4 /* FirebaseAuth */ = {
			isa = XCSwiftPackageProductDependency;
			package = 15D3BE9E2F09DD1B009C14A4 /* XCRemoteSwiftPackageReference "firebase-ios-sdk" */;
			productName = FirebaseAuth;
		};
		15D3BEA12F09DD1B009C14A4 /* FirebaseAuthCombine-Community */ = {
			isa = XCSwiftPackageProductDependency;
			package = 15D3BE9E2F09DD1B009C14A4 /* XCRemoteSwiftPackageReference "firebase-ios-sdk" */;
			productName = "FirebaseAuthCombine-Community";
		};
		15D3BEA32F09DD1B009C14A4 /* FirebaseFirestore */ = {
			isa = XCSwiftPackageProductDependency;
			package = 15D3BE9E2F09DD1B009C14A4 /* XCRemoteSwiftPackageReference "firebase-ios-sdk" */;
			productName = FirebaseFirestore;
		};
		15D3BEA52F09DD1B009C14A4 /* FirebaseFirestoreCombine-Community */ = {
			isa = XCSwiftPackageProductDependency;
			package = 15D3BE9E2F09DD1B009C14A4 /* XCRemoteSwiftPackageReference "firebase-ios-sdk" */;
			productName = "FirebaseFirestoreCombine-Community";
		};
		15D3BEA72F09DD1B009C14A4 /* FirebaseFunctions */ = {
			isa = XCSwiftPackageProductDependency;
			package = 15D3BE9E2F09DD1B009C14A4 /* XCRemoteSwiftPackageReference "firebase-ios-sdk" */;
			productName = FirebaseFunctions;
		};
		15D3BEA92F09DD1B009C14A4 /* FirebaseFunctionsCombine-Community */ = {
			isa = XCSwiftPackageProductDependency;
			package = 15D3BE9E2F09DD1B009C14A4 /* XCRemoteSwiftPackageReference "firebase-ios-sdk" */;
			productName = "FirebaseFunctionsCombine-Community";
		};
		15D3BEAB2F09DD1B009C14A4 /* FirebaseStorage */ = {
			isa = XCSwiftPackageProductDependency;
			package = 15D3BE9E2F09DD1B009C14A4 /* XCRemoteSwiftPackageReference "firebase-ios-sdk" */;
			productName = FirebaseStorage;
		};
		15D3BEAD2F09DD1B009C14A4 /* FirebaseStorageCombine-Community */ = {
			isa = XCSwiftPackageProductDependency;
			package = 15D3BE9E2F09DD1B009C14A4 /* XCRemoteSwiftPackageReference "firebase-ios-sdk" */;
			productName = "FirebaseStorageCombine-Community";
		};
/* End XCSwiftPackageProductDependency section */
	};
	rootObject = 15FBE8012EE86591006652EC /* Project object */;
}
